
Microsoft Visual Studio Solution File, Format Version 12.00
# Visual Studio Version 17
VisualStudioVersion = 17.6.33801.468
MinimumVisualStudioVersion = 10.0.40219.1
Project("{9A19103F-16F7-4668-BE54-9A1E7A4F7556}") = "ConfigurationApp", "ConfigurationApp\ConfigurationApp.csproj", "{5902F266-7787-43D2-B1A0-E495C7540677}"
EndProject
Project("{9A19103F-16F7-4668-BE54-9A1E7A4F7556}") = "AppliedIntegration", "AppliedIntegration\AppliedIntegration.csproj", "{54D6DADC-427C-487E-B839-834044F73123}"
EndProject
Project("{9A19103F-16F7-4668-BE54-9A1E7A4F7556}") = "IntegrationLogic", "IntegrationLogic\IntegrationLogic.csproj", "{7898B4BE-69A7-4545-8852-AFC02F2B1A32}"
EndProject
Project("{9A19103F-16F7-4668-BE54-9A1E7A4F7556}") = "SDK", "SDK\SDK.csproj", "{D5C93CB4-9741-4EA9-889C-3E0F3F164E41}"
EndProject
Project("{9A19103F-16F7-4668-BE54-9A1E7A4F7556}") = "BillingTransformationApp", "BillingTransformationApp\BillingTransformationApp.csproj", "{AD3FAE80-86C3-440C-8728-CC2D47AF546C}"
EndProject
Project("{9A19103F-16F7-4668-BE54-9A1E7A4F7556}") = "LocationIdApp", "LocationIdApp\LocationIdApp.csproj", "{40ED4B31-6384-47E0-9F12-4ED5003BC688}"
EndProject
Project("{54435603-DBB4-11D2-8724-00A0C9A8B90C}") = "Installer", "Installer\Installer.vdproj", "{B93AB584-CC3C-49EA-892C-D915C481DE95}"
EndProject
Project("{FAE04EC0-301F-11D3-BF4B-00C04F79EFBC}") = "MajescoReIndexApp", "MajescoReIndexApp\MajescoReIndexApp.csproj", "{FFBAB5FF-6F79-4EAC-8B9C-BC0E10299836}"
EndProject
Global
	GlobalSection(SolutionConfigurationPlatforms) = preSolution
		Debug|Any CPU = Debug|Any CPU
		Debug|x86 = Debug|x86
		Release|Any CPU = Release|Any CPU
		Release|x86 = Release|x86
	EndGlobalSection
	GlobalSection(ProjectConfigurationPlatforms) = postSolution
		{5902F266-7787-43D2-B1A0-E495C7540677}.Debug|Any CPU.ActiveCfg = Debug|Any CPU
		{5902F266-7787-43D2-B1A0-E495C7540677}.Debug|Any CPU.Build.0 = Debug|Any CPU
		{5902F266-7787-43D2-B1A0-E495C7540677}.Debug|x86.ActiveCfg = Debug|Any CPU
		{5902F266-7787-43D2-B1A0-E495C7540677}.Debug|x86.Build.0 = Debug|Any CPU
		{5902F266-7787-43D2-B1A0-E495C7540677}.Release|Any CPU.ActiveCfg = Release|Any CPU
		{5902F266-7787-43D2-B1A0-E495C7540677}.Release|Any CPU.Build.0 = Release|Any CPU
		{5902F266-7787-43D2-B1A0-E495C7540677}.Release|x86.ActiveCfg = Release|Any CPU
		{5902F266-7787-43D2-B1A0-E495C7540677}.Release|x86.Build.0 = Release|Any CPU
		{54D6DADC-427C-487E-B839-834044F73123}.Debug|Any CPU.ActiveCfg = Debug|Any CPU
		{54D6DADC-427C-487E-B839-834044F73123}.Debug|Any CPU.Build.0 = Debug|Any CPU
		{54D6DADC-427C-487E-B839-834044F73123}.Debug|x86.ActiveCfg = Debug|Any CPU
		{54D6DADC-427C-487E-B839-834044F73123}.Debug|x86.Build.0 = Debug|Any CPU
		{54D6DADC-427C-487E-B839-834044F73123}.Release|Any CPU.ActiveCfg = Release|Any CPU
		{54D6DADC-427C-487E-B839-834044F73123}.Release|Any CPU.Build.0 = Release|Any CPU
		{54D6DADC-427C-487E-B839-834044F73123}.Release|x86.ActiveCfg = Release|Any CPU
		{54D6DADC-427C-487E-B839-834044F73123}.Release|x86.Build.0 = Release|Any CPU
		{7898B4BE-69A7-4545-8852-AFC02F2B1A32}.Debug|Any CPU.ActiveCfg = Debug|Any CPU
		{7898B4BE-69A7-4545-8852-AFC02F2B1A32}.Debug|Any CPU.Build.0 = Debug|Any CPU
		{7898B4BE-69A7-4545-8852-AFC02F2B1A32}.Debug|x86.ActiveCfg = Debug|Any CPU
		{7898B4BE-69A7-4545-8852-AFC02F2B1A32}.Debug|x86.Build.0 = Debug|Any CPU
		{7898B4BE-69A7-4545-8852-AFC02F2B1A32}.Release|Any CPU.ActiveCfg = Release|Any CPU
		{7898B4BE-69A7-4545-8852-AFC02F2B1A32}.Release|Any CPU.Build.0 = Release|Any CPU
		{7898B4BE-69A7-4545-8852-AFC02F2B1A32}.Release|x86.ActiveCfg = Release|Any CPU
		{7898B4BE-69A7-4545-8852-AFC02F2B1A32}.Release|x86.Build.0 = Release|Any CPU
		{D5C93CB4-9741-4EA9-889C-3E0F3F164E41}.Debug|Any CPU.ActiveCfg = Debug|Any CPU
		{D5C93CB4-9741-4EA9-889C-3E0F3F164E41}.Debug|Any CPU.Build.0 = Debug|Any CPU
		{D5C93CB4-9741-4EA9-889C-3E0F3F164E41}.Debug|x86.ActiveCfg = Debug|x86
		{D5C93CB4-9741-4EA9-889C-3E0F3F164E41}.Debug|x86.Build.0 = Debug|x86
		{D5C93CB4-9741-4EA9-889C-3E0F3F164E41}.Release|Any CPU.ActiveCfg = Release|Any CPU
		{D5C93CB4-9741-4EA9-889C-3E0F3F164E41}.Release|Any CPU.Build.0 = Release|Any CPU
		{D5C93CB4-9741-4EA9-889C-3E0F3F164E41}.Release|x86.ActiveCfg = Release|x86
		{D5C93CB4-9741-4EA9-889C-3E0F3F164E41}.Release|x86.Build.0 = Release|x86
		{AD3FAE80-86C3-440C-8728-CC2D47AF546C}.Debug|Any CPU.ActiveCfg = Debug|Any CPU
		{AD3FAE80-86C3-440C-8728-CC2D47AF546C}.Debug|Any CPU.Build.0 = Debug|Any CPU
		{AD3FAE80-86C3-440C-8728-CC2D47AF546C}.Debug|x86.ActiveCfg = Debug|Any CPU
		{AD3FAE80-86C3-440C-8728-CC2D47AF546C}.Debug|x86.Build.0 = Debug|Any CPU
		{AD3FAE80-86C3-440C-8728-CC2D47AF546C}.Release|Any CPU.ActiveCfg = Release|Any CPU
		{AD3FAE80-86C3-440C-8728-CC2D47AF546C}.Release|Any CPU.Build.0 = Release|Any CPU
		{AD3FAE80-86C3-440C-8728-CC2D47AF546C}.Release|x86.ActiveCfg = Release|Any CPU
		{AD3FAE80-86C3-440C-8728-CC2D47AF546C}.Release|x86.Build.0 = Release|Any CPU
		{40ED4B31-6384-47E0-9F12-4ED5003BC688}.Debug|Any CPU.ActiveCfg = Debug|Any CPU
		{40ED4B31-6384-47E0-9F12-4ED5003BC688}.Debug|Any CPU.Build.0 = Debug|Any CPU
		{40ED4B31-6384-47E0-9F12-4ED5003BC688}.Debug|x86.ActiveCfg = Debug|Any CPU
		{40ED4B31-6384-47E0-9F12-4ED5003BC688}.Debug|x86.Build.0 = Debug|Any CPU
		{40ED4B31-6384-47E0-9F12-4ED5003BC688}.Release|Any CPU.ActiveCfg = Release|Any CPU
		{40ED4B31-6384-47E0-9F12-4ED5003BC688}.Release|Any CPU.Build.0 = Release|Any CPU
		{40ED4B31-6384-47E0-9F12-4ED5003BC688}.Release|x86.ActiveCfg = Release|Any CPU
		{40ED4B31-6384-47E0-9F12-4ED5003BC688}.Release|x86.Build.0 = Release|Any CPU
		{B93AB584-CC3C-49EA-892C-D915C481DE95}.Debug|Any CPU.ActiveCfg = Debug
		{B93AB584-CC3C-49EA-892C-D915C481DE95}.Debug|x86.ActiveCfg = Debug
		{B93AB584-CC3C-49EA-892C-D915C481DE95}.Release|Any CPU.ActiveCfg = Release
		{B93AB584-CC3C-49EA-892C-D915C481DE95}.Release|x86.ActiveCfg = Release
		{FFBAB5FF-6F79-4EAC-8B9C-BC0E10299836}.Debug|Any CPU.ActiveCfg = Debug|Any CPU
		{FFBAB5FF-6F79-4EAC-8B9C-BC0E10299836}.Debug|Any CPU.Build.0 = Debug|Any CPU
		{FFBAB5FF-6F79-4EAC-8B9C-BC0E10299836}.Debug|x86.ActiveCfg = Debug|Any CPU
		{FFBAB5FF-6F79-4EAC-8B9C-BC0E10299836}.Debug|x86.Build.0 = Debug|Any CPU
		{FFBAB5FF-6F79-4EAC-8B9C-BC0E10299836}.Release|Any CPU.ActiveCfg = Release|Any CPU
		{FFBAB5FF-6F79-4EAC-8B9C-BC0E10299836}.Release|Any CPU.Build.0 = Release|Any CPU
		{FFBAB5FF-6F79-4EAC-8B9C-BC0E10299836}.Release|x86.ActiveCfg = Release|Any CPU
		{FFBAB5FF-6F79-4EAC-8B9C-BC0E10299836}.Release|x86.Build.0 = Release|Any CPU
	EndGlobalSection
	GlobalSection(SolutionProperties) = preSolution
		HideSolutionNode = FALSE
	EndGlobalSection
	GlobalSection(ExtensibilityGlobals) = postSolution
		SolutionGuid = {D79A82A7-EA2F-47EE-9AA3-5EEFFA4B5362}
	EndGlobalSection
EndGlobal
